// !$*UTF8*$!
{
	archiveVersion = 1;
	classes = {
	};
	objectVersion = 48;
	objects = {

/* Begin PBXBuildFile section */
		8C88319FD3BE9CB4E8E08B9D /* libPods-ZNews.a in Frameworks */ = {isa = PBXBuildFile; fileRef = FC3433314682307CBE85DF3C /* libPods-ZNews.a */; };
		BACC3EAE1F05EC0B001F5132 /* ZMainTabBarController.m in Sources */ = {isa = PBXBuildFile; fileRef = BACC3EAD1F05EC0B001F5132 /* ZMainTabBarController.m */; };
		BACC3EB11F05F024001F5132 /* ZHomePageViewController.m in Sources */ = {isa = PBXBuildFile; fileRef = BACC3EB01F05F024001F5132 /* ZHomePageViewController.m */; };
		BACC3EBD1F063348001F5132 /* tabbar_icon_importantNews_highlight_15x20_@2x.png in Resources */ = {isa = PBXBuildFile; fileRef = BACC3EB31F063348001F5132 /* tabbar_icon_importantNews_highlight_15x20_@2x.png */; };
		BACC3EBE1F063348001F5132 /* tabbar_icon_importantNews_normal_15x20_@2x.png in Resources */ = {isa = PBXBuildFile; fileRef = BACC3EB41F063348001F5132 /* tabbar_icon_importantNews_normal_15x20_@2x.png */; };
		BACC3EBF1F063348001F5132 /* tabbar_icon_live_highlight_20x17_@2x.png in Resources */ = {isa = PBXBuildFile; fileRef = BACC3EB51F063348001F5132 /* tabbar_icon_live_highlight_20x17_@2x.png */; };
		BACC3EC01F063348001F5132 /* tabbar_icon_live_normal_20x17_@2x.png in Resources */ = {isa = PBXBuildFile; fileRef = BACC3EB61F063348001F5132 /* tabbar_icon_live_normal_20x17_@2x.png */; };
		BACC3EC11F063348001F5132 /* tabbar_icon_me_highlight_19x19_@2x.png in Resources */ = {isa = PBXBuildFile; fileRef = BACC3EB71F063348001F5132 /* tabbar_icon_me_highlight_19x19_@2x.png */; };
		BACC3EC21F063348001F5132 /* tabbar_icon_me_normal_19x19_@2x.png in Resources */ = {isa = PBXBuildFile; fileRef = BACC3EB81F063348001F5132 /* tabbar_icon_me_normal_19x19_@2x.png */; };
		BACC3EC31F063348001F5132 /* tabbar_icon_news_highlight_41x53_@2x.png in Resources */ = {isa = PBXBuildFile; fileRef = BACC3EB91F063348001F5132 /* tabbar_icon_news_highlight_41x53_@2x.png */; };
		BACC3EC41F063348001F5132 /* tabbar_icon_news_normal_41x53_@2x.png in Resources */ = {isa = PBXBuildFile; fileRef = BACC3EBA1F063348001F5132 /* tabbar_icon_news_normal_41x53_@2x.png */; };
		BACC3EC51F063348001F5132 /* tabbar_icon_video_highlight_19x19_@2x.png in Resources */ = {isa = PBXBuildFile; fileRef = BACC3EBB1F063348001F5132 /* tabbar_icon_video_highlight_19x19_@2x.png */; };
		BACC3EC61F063348001F5132 /* tabbar_icon_video_normal_19x19_@2x.png in Resources */ = {isa = PBXBuildFile; fileRef = BACC3EBC1F063348001F5132 /* tabbar_icon_video_normal_19x19_@2x.png */; };
		BACC3ECD1F0634EE001F5132 /* ZImportantNewsViewController.m in Sources */ = {isa = PBXBuildFile; fileRef = BACC3ECC1F0634EE001F5132 /* ZImportantNewsViewController.m */; };
		BACC3ED01F063505001F5132 /* ZLiveViewController.m in Sources */ = {isa = PBXBuildFile; fileRef = BACC3ECF1F063505001F5132 /* ZLiveViewController.m */; };
		BACC3ED31F063512001F5132 /* ZMeViewController.m in Sources */ = {isa = PBXBuildFile; fileRef = BACC3ED21F063512001F5132 /* ZMeViewController.m */; };
		BACC3ED61F063520001F5132 /* ZVideoViewController.m in Sources */ = {isa = PBXBuildFile; fileRef = BACC3ED51F063520001F5132 /* ZVideoViewController.m */; };
		BACC3EDA1F0637BA001F5132 /* ZViewController.m in Sources */ = {isa = PBXBuildFile; fileRef = BACC3ED91F0637BA001F5132 /* ZViewController.m */; };
		BACC3EE21F0641B7001F5132 /* UIColor+HexString.m in Sources */ = {isa = PBXBuildFile; fileRef = BACC3EE11F0641B7001F5132 /* UIColor+HexString.m */; };
		BACC3EE51F064B9E001F5132 /* ViewController.m in Sources */ = {isa = PBXBuildFile; fileRef = BACC3EE41F064B9E001F5132 /* ViewController.m */; };
		BACC3EEA1F064BEB001F5132 /* LaunchScreen.storyboard in Resources */ = {isa = PBXBuildFile; fileRef = BACC3EE61F064BEB001F5132 /* LaunchScreen.storyboard */; };
		BACC3EEB1F064BEB001F5132 /* Main.storyboard in Resources */ = {isa = PBXBuildFile; fileRef = BACC3EE81F064BEB001F5132 /* Main.storyboard */; };
		C92C4D431F03F4DB004522F1 /* AppDelegate.m in Sources */ = {isa = PBXBuildFile; fileRef = C92C4D421F03F4DB004522F1 /* AppDelegate.m */; };
		C92C4D4B1F03F4DB004522F1 /* Assets.xcassets in Resources */ = {isa = PBXBuildFile; fileRef = C92C4D4A1F03F4DB004522F1 /* Assets.xcassets */; };
		C92C4D511F03F4DB004522F1 /* main.m in Sources */ = {isa = PBXBuildFile; fileRef = C92C4D501F03F4DB004522F1 /* main.m */; };
		C931F1431F07C088005805EF /* MeTableviewDataSource.m in Sources */ = {isa = PBXBuildFile; fileRef = C931F1421F07C088005805EF /* MeTableviewDataSource.m */; };
		C931F1471F07E189005805EF /* Me.xcassets in Resources */ = {isa = PBXBuildFile; fileRef = C931F1461F07E189005805EF /* Me.xcassets */; };
		C9D11CC91F054C7E00CED71B /* TabBarImage.xcassets in Resources */ = {isa = PBXBuildFile; fileRef = C9D11CC81F054C7E00CED71B /* TabBarImage.xcassets */; };
		C9D11CCF1F06966000CED71B /* LoginView.m in Sources */ = {isa = PBXBuildFile; fileRef = C9D11CCE1F06966000CED71B /* LoginView.m */; };
/* End PBXBuildFile section */

/* Begin PBXFileReference section */
		BACC3EAC1F05EC0B001F5132 /* ZMainTabBarController.h */ = {isa = PBXFileReference; fileEncoding = 4; lastKnownFileType = sourcecode.c.h; path = ZMainTabBarController.h; sourceTree = "<group>"; };
		BACC3EAD1F05EC0B001F5132 /* ZMainTabBarController.m */ = {isa = PBXFileReference; fileEncoding = 4; lastKnownFileType = sourcecode.c.objc; path = ZMainTabBarController.m; sourceTree = "<group>"; };
		BACC3EAF1F05F024001F5132 /* ZHomePageViewController.h */ = {isa = PBXFileReference; fileEncoding = 4; lastKnownFileType = sourcecode.c.h; path = ZHomePageViewController.h; sourceTree = "<group>"; };
		BACC3EB01F05F024001F5132 /* ZHomePageViewController.m */ = {isa = PBXFileReference; fileEncoding = 4; lastKnownFileType = sourcecode.c.objc; path = ZHomePageViewController.m; sourceTree = "<group>"; };
		BACC3EB31F063348001F5132 /* tabbar_icon_importantNews_highlight_15x20_@2x.png */ = {isa = PBXFileReference; lastKnownFileType = image.png; path = "tabbar_icon_importantNews_highlight_15x20_@2x.png"; sourceTree = "<group>"; };
		BACC3EB41F063348001F5132 /* tabbar_icon_importantNews_normal_15x20_@2x.png */ = {isa = PBXFileReference; lastKnownFileType = image.png; path = "tabbar_icon_importantNews_normal_15x20_@2x.png"; sourceTree = "<group>"; };
		BACC3EB51F063348001F5132 /* tabbar_icon_live_highlight_20x17_@2x.png */ = {isa = PBXFileReference; lastKnownFileType = image.png; path = "tabbar_icon_live_highlight_20x17_@2x.png"; sourceTree = "<group>"; };
		BACC3EB61F063348001F5132 /* tabbar_icon_live_normal_20x17_@2x.png */ = {isa = PBXFileReference; lastKnownFileType = image.png; path = "tabbar_icon_live_normal_20x17_@2x.png"; sourceTree = "<group>"; };
		BACC3EB71F063348001F5132 /* tabbar_icon_me_highlight_19x19_@2x.png */ = {isa = PBXFileReference; lastKnownFileType = image.png; path = "tabbar_icon_me_highlight_19x19_@2x.png"; sourceTree = "<group>"; };
		BACC3EB81F063348001F5132 /* tabbar_icon_me_normal_19x19_@2x.png */ = {isa = PBXFileReference; lastKnownFileType = image.png; path = "tabbar_icon_me_normal_19x19_@2x.png"; sourceTree = "<group>"; };
		BACC3EB91F063348001F5132 /* tabbar_icon_news_highlight_41x53_@2x.png */ = {isa = PBXFileReference; lastKnownFileType = image.png; path = "tabbar_icon_news_highlight_41x53_@2x.png"; sourceTree = "<group>"; };
		BACC3EBA1F063348001F5132 /* tabbar_icon_news_normal_41x53_@2x.png */ = {isa = PBXFileReference; lastKnownFileType = image.png; path = "tabbar_icon_news_normal_41x53_@2x.png"; sourceTree = "<group>"; };
		BACC3EBB1F063348001F5132 /* tabbar_icon_video_highlight_19x19_@2x.png */ = {isa = PBXFileReference; lastKnownFileType = image.png; path = "tabbar_icon_video_highlight_19x19_@2x.png"; sourceTree = "<group>"; };
		BACC3EBC1F063348001F5132 /* tabbar_icon_video_normal_19x19_@2x.png */ = {isa = PBXFileReference; lastKnownFileType = image.png; path = "tabbar_icon_video_normal_19x19_@2x.png"; sourceTree = "<group>"; };
		BACC3ECB1F0634EE001F5132 /* ZImportantNewsViewController.h */ = {isa = PBXFileReference; fileEncoding = 4; lastKnownFileType = sourcecode.c.h; path = ZImportantNewsViewController.h; sourceTree = "<group>"; };
		BACC3ECC1F0634EE001F5132 /* ZImportantNewsViewController.m */ = {isa = PBXFileReference; fileEncoding = 4; lastKnownFileType = sourcecode.c.objc; path = ZImportantNewsViewController.m; sourceTree = "<group>"; };
		BACC3ECE1F063505001F5132 /* ZLiveViewController.h */ = {isa = PBXFileReference; fileEncoding = 4; lastKnownFileType = sourcecode.c.h; path = ZLiveViewController.h; sourceTree = "<group>"; };
		BACC3ECF1F063505001F5132 /* ZLiveViewController.m */ = {isa = PBXFileReference; fileEncoding = 4; lastKnownFileType = sourcecode.c.objc; path = ZLiveViewController.m; sourceTree = "<group>"; };
		BACC3ED11F063512001F5132 /* ZMeViewController.h */ = {isa = PBXFileReference; fileEncoding = 4; lastKnownFileType = sourcecode.c.h; path = ZMeViewController.h; sourceTree = "<group>"; };
		BACC3ED21F063512001F5132 /* ZMeViewController.m */ = {isa = PBXFileReference; fileEncoding = 4; lastKnownFileType = sourcecode.c.objc; path = ZMeViewController.m; sourceTree = "<group>"; };
		BACC3ED41F063520001F5132 /* ZVideoViewController.h */ = {isa = PBXFileReference; fileEncoding = 4; lastKnownFileType = sourcecode.c.h; path = ZVideoViewController.h; sourceTree = "<group>"; };
		BACC3ED51F063520001F5132 /* ZVideoViewController.m */ = {isa = PBXFileReference; fileEncoding = 4; lastKnownFileType = sourcecode.c.objc; path = ZVideoViewController.m; sourceTree = "<group>"; };
		BACC3ED81F0637BA001F5132 /* ZViewController.h */ = {isa = PBXFileReference; fileEncoding = 4; lastKnownFileType = sourcecode.c.h; path = ZViewController.h; sourceTree = "<group>"; };
		BACC3ED91F0637BA001F5132 /* ZViewController.m */ = {isa = PBXFileReference; fileEncoding = 4; lastKnownFileType = sourcecode.c.objc; path = ZViewController.m; sourceTree = "<group>"; };
		BACC3EDB1F063820001F5132 /* PrefixHeader.pch */ = {isa = PBXFileReference; lastKnownFileType = sourcecode.c.h; path = PrefixHeader.pch; sourceTree = "<group>"; };
		BACC3EE01F0641B7001F5132 /* UIColor+HexString.h */ = {isa = PBXFileReference; fileEncoding = 4; lastKnownFileType = sourcecode.c.h; path = "UIColor+HexString.h"; sourceTree = "<group>"; };
		BACC3EE11F0641B7001F5132 /* UIColor+HexString.m */ = {isa = PBXFileReference; fileEncoding = 4; lastKnownFileType = sourcecode.c.objc; path = "UIColor+HexString.m"; sourceTree = "<group>"; };
		BACC3EE31F064B9E001F5132 /* ViewController.h */ = {isa = PBXFileReference; fileEncoding = 4; lastKnownFileType = sourcecode.c.h; path = ViewController.h; sourceTree = "<group>"; };
		BACC3EE41F064B9E001F5132 /* ViewController.m */ = {isa = PBXFileReference; fileEncoding = 4; lastKnownFileType = sourcecode.c.objc; path = ViewController.m; sourceTree = "<group>"; };
		BACC3EE71F064BEB001F5132 /* Base */ = {isa = PBXFileReference; lastKnownFileType = file.storyboard; name = Base; path = Base.lproj/LaunchScreen.storyboard; sourceTree = "<group>"; };
		BACC3EE91F064BEB001F5132 /* Base */ = {isa = PBXFileReference; lastKnownFileType = file.storyboard; name = Base; path = Base.lproj/Main.storyboard; sourceTree = "<group>"; };
		C92C4D3E1F03F4DB004522F1 /* ZNews.app */ = {isa = PBXFileReference; explicitFileType = wrapper.application; includeInIndex = 0; path = ZNews.app; sourceTree = BUILT_PRODUCTS_DIR; };
		C92C4D411F03F4DB004522F1 /* AppDelegate.h */ = {isa = PBXFileReference; lastKnownFileType = sourcecode.c.h; path = AppDelegate.h; sourceTree = "<group>"; };
		C92C4D421F03F4DB004522F1 /* AppDelegate.m */ = {isa = PBXFileReference; lastKnownFileType = sourcecode.c.objc; path = AppDelegate.m; sourceTree = "<group>"; };
		C92C4D4A1F03F4DB004522F1 /* Assets.xcassets */ = {isa = PBXFileReference; lastKnownFileType = folder.assetcatalog; path = Assets.xcassets; sourceTree = "<group>"; };
		C92C4D4F1F03F4DB004522F1 /* Info.plist */ = {isa = PBXFileReference; lastKnownFileType = text.plist.xml; path = Info.plist; sourceTree = "<group>"; };
		C92C4D501F03F4DB004522F1 /* main.m */ = {isa = PBXFileReference; lastKnownFileType = sourcecode.c.objc; path = main.m; sourceTree = "<group>"; };
		C931F1411F07C088005805EF /* MeTableviewDataSource.h */ = {isa = PBXFileReference; lastKnownFileType = sourcecode.c.h; path = MeTableviewDataSource.h; sourceTree = "<group>"; };
		C931F1421F07C088005805EF /* MeTableviewDataSource.m */ = {isa = PBXFileReference; lastKnownFileType = sourcecode.c.objc; path = MeTableviewDataSource.m; sourceTree = "<group>"; };
		C931F1451F07DDDD005805EF /* setting_basic_18x18_@2x.png */ = {isa = PBXFileReference; lastKnownFileType = image.png; path = "setting_basic_18x18_@2x.png"; sourceTree = "<group>"; };
		C931F1461F07E189005805EF /* Me.xcassets */ = {isa = PBXFileReference; lastKnownFileType = folder.assetcatalog; path = Me.xcassets; sourceTree = "<group>"; };
		C9D11CC81F054C7E00CED71B /* TabBarImage.xcassets */ = {isa = PBXFileReference; lastKnownFileType = folder.assetcatalog; path = TabBarImage.xcassets; sourceTree = "<group>"; };
		C9D11CCD1F06966000CED71B /* LoginView.h */ = {isa = PBXFileReference; lastKnownFileType = sourcecode.c.h; path = LoginView.h; sourceTree = "<group>"; };
		C9D11CCE1F06966000CED71B /* LoginView.m */ = {isa = PBXFileReference; lastKnownFileType = sourcecode.c.objc; path = LoginView.m; sourceTree = "<group>"; };
		D16076003DCB700E21FD6D70 /* Pods-ZNews.release.xcconfig */ = {isa = PBXFileReference; includeInIndex = 1; lastKnownFileType = text.xcconfig; name = "Pods-ZNews.release.xcconfig"; path = "Pods/Target Support Files/Pods-ZNews/Pods-ZNews.release.xcconfig"; sourceTree = "<group>"; };
		E4BE1E1A1A89E00BC0420BE2 /* Pods-ZNews.debug.xcconfig */ = {isa = PBXFileReference; includeInIndex = 1; lastKnownFileType = text.xcconfig; name = "Pods-ZNews.debug.xcconfig"; path = "Pods/Target Support Files/Pods-ZNews/Pods-ZNews.debug.xcconfig"; sourceTree = "<group>"; };
		FC3433314682307CBE85DF3C /* libPods-ZNews.a */ = {isa = PBXFileReference; explicitFileType = archive.ar; includeInIndex = 0; path = "libPods-ZNews.a"; sourceTree = BUILT_PRODUCTS_DIR; };
/* End PBXFileReference section */

/* Begin PBXFrameworksBuildPhase section */
		C92C4D3B1F03F4DB004522F1 /* Frameworks */ = {
			isa = PBXFrameworksBuildPhase;
			buildActionMask = 2147483647;
			files = (
				8C88319FD3BE9CB4E8E08B9D /* libPods-ZNews.a in Frameworks */,
			);
			runOnlyForDeploymentPostprocessing = 0;
		};
/* End PBXFrameworksBuildPhase section */

/* Begin PBXGroup section */
		35E4BD13AB979C3501B9F218 /* Frameworks */ = {
			isa = PBXGroup;
			children = (
				FC3433314682307CBE85DF3C /* libPods-ZNews.a */,
			);
			name = Frameworks;
			sourceTree = "<group>";
		};
		60B7486E2CFA88136C141306 /* Pods */ = {
			isa = PBXGroup;
			children = (
				E4BE1E1A1A89E00BC0420BE2 /* Pods-ZNews.debug.xcconfig */,
				D16076003DCB700E21FD6D70 /* Pods-ZNews.release.xcconfig */,
			);
			name = Pods;
			sourceTree = "<group>";
		};
		BACC3E9A1F05D628001F5132 /* Resource */ = {
			isa = PBXGroup;
			children = (
				C931F1451F07DDDD005805EF /* setting_basic_18x18_@2x.png */,
				BACC3EB31F063348001F5132 /* tabbar_icon_importantNews_highlight_15x20_@2x.png */,
				BACC3EB41F063348001F5132 /* tabbar_icon_importantNews_normal_15x20_@2x.png */,
				BACC3EB51F063348001F5132 /* tabbar_icon_live_highlight_20x17_@2x.png */,
				BACC3EB61F063348001F5132 /* tabbar_icon_live_normal_20x17_@2x.png */,
				BACC3EB71F063348001F5132 /* tabbar_icon_me_highlight_19x19_@2x.png */,
				BACC3EB81F063348001F5132 /* tabbar_icon_me_normal_19x19_@2x.png */,
				BACC3EB91F063348001F5132 /* tabbar_icon_news_highlight_41x53_@2x.png */,
				BACC3EBA1F063348001F5132 /* tabbar_icon_news_normal_41x53_@2x.png */,
				BACC3EBB1F063348001F5132 /* tabbar_icon_video_highlight_19x19_@2x.png */,
				BACC3EBC1F063348001F5132 /* tabbar_icon_video_normal_19x19_@2x.png */,
				C92C4D4A1F03F4DB004522F1 /* Assets.xcassets */,
				C9D11CC81F054C7E00CED71B /* TabBarImage.xcassets */,
				C931F1461F07E189005805EF /* Me.xcassets */,
			);
			name = Resource;
			sourceTree = "<group>";
		};
		BACC3E9B1F05D642001F5132 /* Controllers */ = {
			isa = PBXGroup;
			children = (
				BACC3ED71F06378B001F5132 /* ZViewController */,
				BACC3EAB1F05E6BA001F5132 /* ZMainTabBarController */,
				BACC3EB21F05F02B001F5132 /* HomePage */,
				BACC3EC71F063435001F5132 /* ImportantNews */,
				BACC3EC81F06345D001F5132 /* Live */,
				BACC3EC91F063479001F5132 /* Video */,
				BACC3ECA1F06348B001F5132 /* Me */,
			);
			name = Controllers;
			sourceTree = "<group>";
		};
		BACC3E9C1F05D669001F5132 /* Other */ = {
			isa = PBXGroup;
			children = (
				BACC3EE31F064B9E001F5132 /* ViewController.h */,
				BACC3EE41F064B9E001F5132 /* ViewController.m */,
				C92C4D4F1F03F4DB004522F1 /* Info.plist */,
				C92C4D501F03F4DB004522F1 /* main.m */,
				C92C4D411F03F4DB004522F1 /* AppDelegate.h */,
				C92C4D421F03F4DB004522F1 /* AppDelegate.m */,
				BACC3EE61F064BEB001F5132 /* LaunchScreen.storyboard */,
				BACC3EE81F064BEB001F5132 /* Main.storyboard */,
			);
			name = Other;
			sourceTree = "<group>";
		};
		BACC3EAB1F05E6BA001F5132 /* ZMainTabBarController */ = {
			isa = PBXGroup;
			children = (
				BACC3EAC1F05EC0B001F5132 /* ZMainTabBarController.h */,
				BACC3EAD1F05EC0B001F5132 /* ZMainTabBarController.m */,
			);
			name = ZMainTabBarController;
			sourceTree = "<group>";
		};
		BACC3EB21F05F02B001F5132 /* HomePage */ = {
			isa = PBXGroup;
			children = (
				BACC3EAF1F05F024001F5132 /* ZHomePageViewController.h */,
				BACC3EB01F05F024001F5132 /* ZHomePageViewController.m */,
			);
			name = HomePage;
			sourceTree = "<group>";
		};
		BACC3EC71F063435001F5132 /* ImportantNews */ = {
			isa = PBXGroup;
			children = (
				BACC3ECB1F0634EE001F5132 /* ZImportantNewsViewController.h */,
				BACC3ECC1F0634EE001F5132 /* ZImportantNewsViewController.m */,
			);
			name = ImportantNews;
			sourceTree = "<group>";
		};
		BACC3EC81F06345D001F5132 /* Live */ = {
			isa = PBXGroup;
			children = (
				BACC3ECE1F063505001F5132 /* ZLiveViewController.h */,
				BACC3ECF1F063505001F5132 /* ZLiveViewController.m */,
			);
			name = Live;
			sourceTree = "<group>";
		};
		BACC3EC91F063479001F5132 /* Video */ = {
			isa = PBXGroup;
			children = (
				BACC3ED41F063520001F5132 /* ZVideoViewController.h */,
				BACC3ED51F063520001F5132 /* ZVideoViewController.m */,
			);
			name = Video;
			sourceTree = "<group>";
		};
		BACC3ECA1F06348B001F5132 /* Me */ = {
			isa = PBXGroup;
			children = (
				BACC3ED11F063512001F5132 /* ZMeViewController.h */,
				BACC3ED21F063512001F5132 /* ZMeViewController.m */,
				C9D11CCD1F06966000CED71B /* LoginView.h */,
				C9D11CCE1F06966000CED71B /* LoginView.m */,
				C931F1411F07C088005805EF /* MeTableviewDataSource.h */,
				C931F1421F07C088005805EF /* MeTableviewDataSource.m */,
			);
			name = Me;
			sourceTree = "<group>";
		};
		BACC3ED71F06378B001F5132 /* ZViewController */ = {
			isa = PBXGroup;
			children = (
				BACC3ED81F0637BA001F5132 /* ZViewController.h */,
				BACC3ED91F0637BA001F5132 /* ZViewController.m */,
			);
			name = ZViewController;
			sourceTree = "<group>";
		};
		BACC3EDF1F06413C001F5132 /* Util */ = {
			isa = PBXGroup;
			children = (
				BACC3EE01F0641B7001F5132 /* UIColor+HexString.h */,
				BACC3EE11F0641B7001F5132 /* UIColor+HexString.m */,
			);
			name = Util;
			sourceTree = "<group>";
		};
		C92C4D351F03F4DB004522F1 = {
			isa = PBXGroup;
			children = (
				C92C4D401F03F4DB004522F1 /* ZNews */,
				C92C4D3F1F03F4DB004522F1 /* Products */,
				60B7486E2CFA88136C141306 /* Pods */,
				35E4BD13AB979C3501B9F218 /* Frameworks */,
			);
			sourceTree = "<group>";
		};
		C92C4D3F1F03F4DB004522F1 /* Products */ = {
			isa = PBXGroup;
			children = (
				C92C4D3E1F03F4DB004522F1 /* ZNews.app */,
			);
			name = Products;
			sourceTree = "<group>";
		};
		C92C4D401F03F4DB004522F1 /* ZNews */ = {
			isa = PBXGroup;
			children = (
				BACC3EDF1F06413C001F5132 /* Util */,
				BACC3E9B1F05D642001F5132 /* Controllers */,
				BACC3E9A1F05D628001F5132 /* Resource */,
				BACC3E9C1F05D669001F5132 /* Other */,
				BACC3EDB1F063820001F5132 /* PrefixHeader.pch */,
			);
			path = ZNews;
			sourceTree = "<group>";
		};
/* End PBXGroup section */

/* Begin PBXNativeTarget section */
		C92C4D3D1F03F4DB004522F1 /* ZNews */ = {
			isa = PBXNativeTarget;
			buildConfigurationList = C92C4D541F03F4DB004522F1 /* Build configuration list for PBXNativeTarget "ZNews" */;
			buildPhases = (
				1C98C48AC2F608F33D62CB0D /* [CP] Check Pods Manifest.lock */,
				C92C4D3A1F03F4DB004522F1 /* Sources */,
				C92C4D3B1F03F4DB004522F1 /* Frameworks */,
				C92C4D3C1F03F4DB004522F1 /* Resources */,
				548ACEAB5E33C1A6E73AD004 /* [CP] Embed Pods Frameworks */,
				2B28AAD4D4AE00A0AD455CD7 /* [CP] Copy Pods Resources */,
			);
			buildRules = (
			);
			dependencies = (
			);
			name = ZNews;
			productName = ZNews;
			productReference = C92C4D3E1F03F4DB004522F1 /* ZNews.app */;
			productType = "com.apple.product-type.application";
		};
/* End PBXNativeTarget section */

/* Begin PBXProject section */
		C92C4D361F03F4DB004522F1 /* Project object */ = {
			isa = PBXProject;
			attributes = {
				LastUpgradeCheck = 0900;
				ORGANIZATIONNAME = "wei zhao";
				TargetAttributes = {
					C92C4D3D1F03F4DB004522F1 = {
						CreatedOnToolsVersion = 9.0;
					};
				};
			};
			buildConfigurationList = C92C4D391F03F4DB004522F1 /* Build configuration list for PBXProject "ZNews" */;
			compatibilityVersion = "Xcode 8.0";
			developmentRegion = en;
			hasScannedForEncodings = 0;
			knownRegions = (
				en,
				Base,
			);
			mainGroup = C92C4D351F03F4DB004522F1;
			productRefGroup = C92C4D3F1F03F4DB004522F1 /* Products */;
			projectDirPath = "";
			projectRoot = "";
			targets = (
				C92C4D3D1F03F4DB004522F1 /* ZNews */,
			);
		};
/* End PBXProject section */

/* Begin PBXResourcesBuildPhase section */
		C92C4D3C1F03F4DB004522F1 /* Resources */ = {
			isa = PBXResourcesBuildPhase;
			buildActionMask = 2147483647;
			files = (
				BACC3EC21F063348001F5132 /* tabbar_icon_me_normal_19x19_@2x.png in Resources */,
				BACC3EC11F063348001F5132 /* tabbar_icon_me_highlight_19x19_@2x.png in Resources */,
				BACC3EBD1F063348001F5132 /* tabbar_icon_importantNews_highlight_15x20_@2x.png in Resources */,
				BACC3EC51F063348001F5132 /* tabbar_icon_video_highlight_19x19_@2x.png in Resources */,
				C92C4D4B1F03F4DB004522F1 /* Assets.xcassets in Resources */,
				BACC3EC41F063348001F5132 /* tabbar_icon_news_normal_41x53_@2x.png in Resources */,
				BACC3EBF1F063348001F5132 /* tabbar_icon_live_highlight_20x17_@2x.png in Resources */,
				BACC3EEB1F064BEB001F5132 /* Main.storyboard in Resources */,
				BACC3EEA1F064BEB001F5132 /* LaunchScreen.storyboard in Resources */,
				BACC3EC61F063348001F5132 /* tabbar_icon_video_normal_19x19_@2x.png in Resources */,
				C931F1471F07E189005805EF /* Me.xcassets in Resources */,
				BACC3EC01F063348001F5132 /* tabbar_icon_live_normal_20x17_@2x.png in Resources */,
				BACC3EC31F063348001F5132 /* tabbar_icon_news_highlight_41x53_@2x.png in Resources */,
				C9D11CC91F054C7E00CED71B /* TabBarImage.xcassets in Resources */,
				BACC3EBE1F063348001F5132 /* tabbar_icon_importantNews_normal_15x20_@2x.png in Resources */,
			);
			runOnlyForDeploymentPostprocessing = 0;
		};
/* End PBXResourcesBuildPhase section */

/* Begin PBXShellScriptBuildPhase section */
		1C98C48AC2F608F33D62CB0D /* [CP] Check Pods Manifest.lock */ = {
			isa = PBXShellScriptBuildPhase;
			buildActionMask = 2147483647;
			files = (
			);
			inputPaths = (
			);
			name = "[CP] Check Pods Manifest.lock";
			outputPaths = (
			);
			runOnlyForDeploymentPostprocessing = 0;
			shellPath = /bin/sh;
			shellScript = "diff \"${PODS_ROOT}/../Podfile.lock\" \"${PODS_ROOT}/Manifest.lock\" > /dev/null\nif [ $? != 0 ] ; then\n    # print error to STDERR\n    echo \"error: The sandbox is not in sync with the Podfile.lock. Run 'pod install' or update your CocoaPods installation.\" >&2\n    exit 1\nfi\n";
			showEnvVarsInLog = 0;
		};
		2B28AAD4D4AE00A0AD455CD7 /* [CP] Copy Pods Resources */ = {
			isa = PBXShellScriptBuildPhase;
			buildActionMask = 2147483647;
			files = (
			);
			inputPaths = (
			);
			name = "[CP] Copy Pods Resources";
			outputPaths = (
			);
			runOnlyForDeploymentPostprocessing = 0;
			shellPath = /bin/sh;
			shellScript = "\"${SRCROOT}/Pods/Target Support Files/Pods-ZNews/Pods-ZNews-resources.sh\"\n";
			showEnvVarsInLog = 0;
		};
		548ACEAB5E33C1A6E73AD004 /* [CP] Embed Pods Frameworks */ = {
			isa = PBXShellScriptBuildPhase;
			buildActionMask = 2147483647;
			files = (
			);
			inputPaths = (
			);
			name = "[CP] Embed Pods Frameworks";
			outputPaths = (
			);
			runOnlyForDeploymentPostprocessing = 0;
			shellPath = /bin/sh;
			shellScript = "\"${SRCROOT}/Pods/Target Support Files/Pods-ZNews/Pods-ZNews-frameworks.sh\"\n";
			showEnvVarsInLog = 0;
		};
/* End PBXShellScriptBuildPhase section */

/* Begin PBXSourcesBuildPhase section */
		C92C4D3A1F03F4DB004522F1 /* Sources */ = {
			isa = PBXSourcesBuildPhase;
			buildActionMask = 2147483647;
			files = (
				BACC3ED01F063505001F5132 /* ZLiveViewController.m in Sources */,
				BACC3ED31F063512001F5132 /* ZMeViewController.m in Sources */,
				BACC3EB11F05F024001F5132 /* ZHomePageViewController.m in Sources */,
				BACC3EDA1F0637BA001F5132 /* ZViewController.m in Sources */,
				BACC3ED61F063520001F5132 /* ZVideoViewController.m in Sources */,
				BACC3EE51F064B9E001F5132 /* ViewController.m in Sources */,
				C9D11CCF1F06966000CED71B /* LoginView.m in Sources */,
				C931F1431F07C088005805EF /* MeTableviewDataSource.m in Sources */,
				BACC3ECD1F0634EE001F5132 /* ZImportantNewsViewController.m in Sources */,
				BACC3EAE1F05EC0B001F5132 /* ZMainTabBarController.m in Sources */,
				BACC3EE21F0641B7001F5132 /* UIColor+HexString.m in Sources */,
				C92C4D511F03F4DB004522F1 /* main.m in Sources */,
				C92C4D431F03F4DB004522F1 /* AppDelegate.m in Sources */,
			);
			runOnlyForDeploymentPostprocessing = 0;
		};
/* End PBXSourcesBuildPhase section */

/* Begin PBXVariantGroup section */
		BACC3EE61F064BEB001F5132 /* LaunchScreen.storyboard */ = {
			isa = PBXVariantGroup;
			children = (
				BACC3EE71F064BEB001F5132 /* Base */,
			);
			name = LaunchScreen.storyboard;
			sourceTree = "<group>";
		};
		BACC3EE81F064BEB001F5132 /* Main.storyboard */ = {
			isa = PBXVariantGroup;
			children = (
				BACC3EE91F064BEB001F5132 /* Base */,
			);
			name = Main.storyboard;
			sourceTree = "<group>";
		};
/* End PBXVariantGroup section */

/* Begin XCBuildConfiguration section */
		C92C4D521F03F4DB004522F1 /* Debug */ = {
			isa = XCBuildConfiguration;
			buildSettings = {
				ALWAYS_SEARCH_USER_PATHS = NO;
				CLANG_ANALYZER_NONNULL = YES;
				CLANG_ANALYZER_NUMBER_OBJECT_CONVERSION = YES_AGGRESSIVE;
				CLANG_CXX_LANGUAGE_STANDARD = "gnu++14";
				CLANG_CXX_LIBRARY = "libc++";
				CLANG_ENABLE_MODULES = YES;
				CLANG_ENABLE_OBJC_ARC = YES;
				CLANG_WARN_BLOCK_CAPTURE_AUTORELEASING = YES;
				CLANG_WARN_BOOL_CONVERSION = YES;
				CLANG_WARN_COMMA = YES;
				CLANG_WARN_CONSTANT_CONVERSION = YES;
				CLANG_WARN_DIRECT_OBJC_ISA_USAGE = YES_ERROR;
				CLANG_WARN_DOCUMENTATION_COMMENTS = YES;
				CLANG_WARN_EMPTY_BODY = YES;
				CLANG_WARN_ENUM_CONVERSION = YES;
				CLANG_WARN_INFINITE_RECURSION = YES;
				CLANG_WARN_INT_CONVERSION = YES;
				CLANG_WARN_OBJC_ROOT_CLASS = YES_ERROR;
				CLANG_WARN_RANGE_LOOP_ANALYSIS = YES;
				CLANG_WARN_STRICT_PROTOTYPES = YES;
				CLANG_WARN_SUSPICIOUS_MOVE = YES;
				CLANG_WARN_UNGUARDED_AVAILABILITY = YES_AGGRESSIVE;
				CLANG_WARN_UNREACHABLE_CODE = YES;
				CLANG_WARN__DUPLICATE_METHOD_MATCH = YES;
				CODE_SIGN_IDENTITY = "iPhone Developer";
				COPY_PHASE_STRIP = NO;
				DEBUG_INFORMATION_FORMAT = dwarf;
				ENABLE_STRICT_OBJC_MSGSEND = YES;
				ENABLE_TESTABILITY = YES;
				GCC_C_LANGUAGE_STANDARD = gnu11;
				GCC_DYNAMIC_NO_PIC = NO;
				GCC_NO_COMMON_BLOCKS = YES;
				GCC_OPTIMIZATION_LEVEL = 0;
				GCC_PREPROCESSOR_DEFINITIONS = (
					"DEBUG=1",
					"$(inherited)",
				);
				GCC_WARN_64_TO_32_BIT_CONVERSION = YES;
				GCC_WARN_ABOUT_RETURN_TYPE = YES_ERROR;
				GCC_WARN_UNDECLARED_SELECTOR = YES;
				GCC_WARN_UNINITIALIZED_AUTOS = YES_AGGRESSIVE;
				GCC_WARN_UNUSED_FUNCTION = YES;
				GCC_WARN_UNUSED_VARIABLE = YES;
				IPHONEOS_DEPLOYMENT_TARGET = 11.0;
				MTL_ENABLE_DEBUG_INFO = YES;
				ONLY_ACTIVE_ARCH = YES;
				SDKROOT = iphoneos;
			};
			name = Debug;
		};
		C92C4D531F03F4DB004522F1 /* Release */ = {
			isa = XCBuildConfiguration;
			buildSettings = {
				ALWAYS_SEARCH_USER_PATHS = NO;
				CLANG_ANALYZER_NONNULL = YES;
				CLANG_ANALYZER_NUMBER_OBJECT_CONVERSION = YES_AGGRESSIVE;
				CLANG_CXX_LANGUAGE_STANDARD = "gnu++14";
				CLANG_CXX_LIBRARY = "libc++";
				CLANG_ENABLE_MODULES = YES;
				CLANG_ENABLE_OBJC_ARC = YES;
				CLANG_WARN_BLOCK_CAPTURE_AUTORELEASING = YES;
				CLANG_WARN_BOOL_CONVERSION = YES;
				CLANG_WARN_COMMA = YES;
				CLANG_WARN_CONSTANT_CONVERSION = YES;
				CLANG_WARN_DIRECT_OBJC_ISA_USAGE = YES_ERROR;
				CLANG_WARN_DOCUMENTATION_COMMENTS = YES;
				CLANG_WARN_EMPTY_BODY = YES;
				CLANG_WARN_ENUM_CONVERSION = YES;
				CLANG_WARN_INFINITE_RECURSION = YES;
				CLANG_WARN_INT_CONVERSION = YES;
				CLANG_WARN_OBJC_ROOT_CLASS = YES_ERROR;
				CLANG_WARN_RANGE_LOOP_ANALYSIS = YES;
				CLANG_WARN_STRICT_PROTOTYPES = YES;
				CLANG_WARN_SUSPICIOUS_MOVE = YES;
				CLANG_WARN_UNGUARDED_AVAILABILITY = YES_AGGRESSIVE;
				CLANG_WARN_UNREACHABLE_CODE = YES;
				CLANG_WARN__DUPLICATE_METHOD_MATCH = YES;
				CODE_SIGN_IDENTITY = "iPhone Developer";
				COPY_PHASE_STRIP = NO;
				DEBUG_INFORMATION_FORMAT = "dwarf-with-dsym";
				ENABLE_NS_ASSERTIONS = NO;
				ENABLE_STRICT_OBJC_MSGSEND = YES;
				GCC_C_LANGUAGE_STANDARD = gnu11;
				GCC_NO_COMMON_BLOCKS = YES;
				GCC_WARN_64_TO_32_BIT_CONVERSION = YES;
				GCC_WARN_ABOUT_RETURN_TYPE = YES_ERROR;
				GCC_WARN_UNDECLARED_SELECTOR = YES;
				GCC_WARN_UNINITIALIZED_AUTOS = YES_AGGRESSIVE;
				GCC_WARN_UNUSED_FUNCTION = YES;
				GCC_WARN_UNUSED_VARIABLE = YES;
				IPHONEOS_DEPLOYMENT_TARGET = 11.0;
				MTL_ENABLE_DEBUG_INFO = NO;
				SDKROOT = iphoneos;
				VALIDATE_PRODUCT = YES;
			};
			name = Release;
		};
		C92C4D551F03F4DB004522F1 /* Debug */ = {
			isa = XCBuildConfiguration;
			baseConfigurationReference = E4BE1E1A1A89E00BC0420BE2 /* Pods-ZNews.debug.xcconfig */;
			buildSettings = {
				ASSETCATALOG_COMPILER_APPICON_NAME = AppIcon;
				ASSETCATALOG_COMPILER_LAUNCHIMAGE_NAME = LaunchImage;
				DEVELOPMENT_TEAM = CF5V5M2DSS;
				GCC_PRECOMPILE_PREFIX_HEADER = YES;
				GCC_PREFIX_HEADER = ZNews/PrefixHeader.pch;
				INFOPLIST_FILE = ZNews/Info.plist;
				IPHONEOS_DEPLOYMENT_TARGET = 9.0;
				LD_RUNPATH_SEARCH_PATHS = "$(inherited) @executable_path/Frameworks";
				PRODUCT_BUNDLE_IDENTIFIER = cn.learngo.ZNews;
				PRODUCT_NAME = "$(TARGET_NAME)";
				TARGETED_DEVICE_FAMILY = 1;
			};
			name = Debug;
		};
		C92C4D561F03F4DB004522F1 /* Release */ = {
			isa = XCBuildConfiguration;
			baseConfigurationReference = D16076003DCB700E21FD6D70 /* Pods-ZNews.release.xcconfig */;
			buildSettings = {
				ASSETCATALOG_COMPILER_APPICON_NAME = AppIcon;
				ASSETCATALOG_COMPILER_LAUNCHIMAGE_NAME = LaunchImage;
				DEVELOPMENT_TEAM = CF5V5M2DSS;
				GCC_PRECOMPILE_PREFIX_HEADER = YES;
				GCC_PREFIX_HEADER = ZNews/PrefixHeader.pch;
				INFOPLIST_FILE = ZNews/Info.plist;
				IPHONEOS_DEPLOYMENT_TARGET = 9.0;
				LD_RUNPATH_SEARCH_PATHS = "$(inherited) @executable_path/Frameworks";
				PRODUCT_BUNDLE_IDENTIFIER = cn.learngo.ZNews;
				PRODUCT_NAME = "$(TARGET_NAME)";
				TARGETED_DEVICE_FAMILY = 1;
			};
			name = Release;
		};
/* End XCBuildConfiguration section */

/* Begin XCConfigurationList section */
		C92C4D391F03F4DB004522F1 /* Build configuration list for PBXProject "ZNews" */ = {
			isa = XCConfigurationList;
			buildConfigurations = (
				C92C4D521F03F4DB004522F1 /* Debug */,
				C92C4D531F03F4DB004522F1 /* Release */,
			);
			defaultConfigurationIsVisible = 0;
			defaultConfigurationName = Release;
		};
		C92C4D541F03F4DB004522F1 /* Build configuration list for PBXNativeTarget "ZNews" */ = {
			isa = XCConfigurationList;
			buildConfigurations = (
				C92C4D551F03F4DB004522F1 /* Debug */,
				C92C4D561F03F4DB004522F1 /* Release */,
			);
			defaultConfigurationIsVisible = 0;
			defaultConfigurationName = Release;
		};
/* End XCConfigurationList section */
	};
	rootObject = C92C4D361F03F4DB004522F1 /* Project object */;
}
